
Microsoft Visual Studio Solution File, Format Version 12.00
# Visual Studio 2013
VisualStudioVersion = 12.0.21005.1
MinimumVisualStudioVersion = 10.0.40219.1
Project("{8BC9CEB8-8B4A-11D0-8D11-00A0C91BC942}") = "uecho_client__win", "uecho_client__win.vcxproj", "{6FD2A860-EBAA-4E26-9FE7-E7E17C950E69}"
EndProject
Global
	GlobalSection(SolutionConfigurationPlatforms) = preSolution
		Debug|Win32 = Debug|Win32
		Release|Win32 = Release|Win32
	EndGlobalSection
	GlobalSection(ProjectConfigurationPlatforms) = postSolution
		{6FD2A860-EBAA-4E26-9FE7-E7E17C950E69}.Debug|Win32.ActiveCfg = Debug|Win32
		{6FD2A860-EBAA-4E26-9FE7-E7E17C950E69}.Debug|Win32.Build.0 = Debug|Win32
		{6FD2A860-EBAA-4E26-9FE7-E7E17C950E69}.Release|Win32.ActiveCfg = Release|Win32
		{6FD2A860-EBAA-4E26-9FE7-E7E17C950E69}.Release|Win32.Build.0 = Release|Win32
	EndGlobalSection
	GlobalSection(SolutionProperties) = preSolution
		HideSolutionNode = FALSE
	EndGlobalSection
EndGlobal
